
Microsoft Visual Studio Solution File, Format Version 12.00
# Visual Studio Version 17
VisualStudioVersion = 17.0.32002.185
MinimumVisualStudioVersion = 10.0.40219.1
Project("{FAE04EC0-301F-11D3-BF4B-00C04F79EFBC}") = "ExpressaoCondTernaria", "ExpressaoCondTernaria.csproj", "{083E1053-BDCF-42EC-917F-127A7FB73B7C}"
EndProject
Global
	GlobalSection(SolutionConfigurationPlatforms) = preSolution
		Debug|Any CPU = Debug|Any CPU
		Release|Any CPU = Release|Any CPU
	EndGlobalSection
	GlobalSection(ProjectConfigurationPlatforms) = postSolution
		{083E1053-BDCF-42EC-917F-127A7FB73B7C}.Debug|Any CPU.ActiveCfg = Debug|Any CPU
		{083E1053-BDCF-42EC-917F-127A7FB73B7C}.Debug|Any CPU.Build.0 = Debug|Any CPU
		{083E1053-BDCF-42EC-917F-127A7FB73B7C}.Release|Any CPU.ActiveCfg = Release|Any CPU
		{083E1053-BDCF-42EC-917F-127A7FB73B7C}.Release|Any CPU.Build.0 = Release|Any CPU
	EndGlobalSection
	GlobalSection(SolutionProperties) = preSolution
		HideSolutionNode = FALSE
	EndGlobalSection
	GlobalSection(ExtensibilityGlobals) = postSolution
		SolutionGuid = {B719C314-FDFE-49F9-8649-CD8374086E64}
	EndGlobalSection
EndGlobal
